
Microsoft Visual Studio Solution File, Format Version 12.00
# Visual Studio 15
VisualStudioVersion = 15.0.28307.329
MinimumVisualStudioVersion = 10.0.40219.1
Project("{FAE04EC0-301F-11D3-BF4B-00C04F79EFBC}") = "Web", "Web\Web.csproj", "{49E97D4C-8D93-49C5-8E3E-752E643E86BF}"
EndProject
Project("{FAE04EC0-301F-11D3-BF4B-00C04F79EFBC}") = "Core", "Core\Core.csproj", "{903A48CE-5EB8-4D0F-8A5B-A8533459CA5B}"
EndProject
Project("{FAE04EC0-301F-11D3-BF4B-00C04F79EFBC}") = "Infrastructure", "Infrastructure\Infrastructure.csproj", "{42E160F2-5E2C-4C89-B67F-C6DA6C823D0E}"
EndProject
Global
	GlobalSection(SolutionConfigurationPlatforms) = preSolution
		Debug|Any CPU = Debug|Any CPU
		Release|Any CPU = Release|Any CPU
	EndGlobalSection
	GlobalSection(ProjectConfigurationPlatforms) = postSolution
		{49E97D4C-8D93-49C5-8E3E-752E643E86BF}.Debug|Any CPU.ActiveCfg = Debug|Any CPU
		{49E97D4C-8D93-49C5-8E3E-752E643E86BF}.Debug|Any CPU.Build.0 = Debug|Any CPU
		{49E97D4C-8D93-49C5-8E3E-752E643E86BF}.Release|Any CPU.ActiveCfg = Release|Any CPU
		{49E97D4C-8D93-49C5-8E3E-752E643E86BF}.Release|Any CPU.Build.0 = Release|Any CPU
		{903A48CE-5EB8-4D0F-8A5B-A8533459CA5B}.Debug|Any CPU.ActiveCfg = Debug|Any CPU
		{903A48CE-5EB8-4D0F-8A5B-A8533459CA5B}.Debug|Any CPU.Build.0 = Debug|Any CPU
		{903A48CE-5EB8-4D0F-8A5B-A8533459CA5B}.Release|Any CPU.ActiveCfg = Release|Any CPU
		{903A48CE-5EB8-4D0F-8A5B-A8533459CA5B}.Release|Any CPU.Build.0 = Release|Any CPU
		{42E160F2-5E2C-4C89-B67F-C6DA6C823D0E}.Debug|Any CPU.ActiveCfg = Debug|Any CPU
		{42E160F2-5E2C-4C89-B67F-C6DA6C823D0E}.Debug|Any CPU.Build.0 = Debug|Any CPU
		{42E160F2-5E2C-4C89-B67F-C6DA6C823D0E}.Release|Any CPU.ActiveCfg = Release|Any CPU
		{42E160F2-5E2C-4C89-B67F-C6DA6C823D0E}.Release|Any CPU.Build.0 = Release|Any CPU
	EndGlobalSection
	GlobalSection(SolutionProperties) = preSolution
		HideSolutionNode = FALSE
	EndGlobalSection
	GlobalSection(ExtensibilityGlobals) = postSolution
		SolutionGuid = {EF25B31D-C722-4EA2-B6FF-98AD3FE2F199}
	EndGlobalSection
EndGlobal
