
Microsoft Visual Studio Solution File, Format Version 12.00
# Visual Studio 15
VisualStudioVersion = 15.0.28307.329
MinimumVisualStudioVersion = 10.0.40219.1
Project("{9A19103F-16F7-4668-BE54-9A1E7A4F7556}") = "Web", "Web\Web.csproj", "{49E97D4C-8D93-49C5-8E3E-752E643E86BF}"
EndProject
Project("{9A19103F-16F7-4668-BE54-9A1E7A4F7556}") = "Core", "Core\Core.csproj", "{903A48CE-5EB8-4D0F-8A5B-A8533459CA5B}"
EndProject
Project("{9A19103F-16F7-4668-BE54-9A1E7A4F7556}") = "Infrastructure", "Infrastructure\Infrastructure.csproj", "{42E160F2-5E2C-4C89-B67F-C6DA6C823D0E}"
EndProject
Project("{9A19103F-16F7-4668-BE54-9A1E7A4F7556}") = "Models", "Models\Models.csproj", "{34A502FA-B4CA-4D65-806C-0FFE755A60EE}"
EndProject
Project("{E53339B2-1760-4266-BCC7-CA923CBCF16C}") = "docker-compose", "docker-compose.dcproj", "{07883419-AC03-4FC4-980B-0D247A7D4206}"
EndProject
Global
	GlobalSection(SolutionConfigurationPlatforms) = preSolution
		Debug|Any CPU = Debug|Any CPU
		Release|Any CPU = Release|Any CPU
	EndGlobalSection
	GlobalSection(ProjectConfigurationPlatforms) = postSolution
		{49E97D4C-8D93-49C5-8E3E-752E643E86BF}.Debug|Any CPU.ActiveCfg = Debug|Any CPU
		{49E97D4C-8D93-49C5-8E3E-752E643E86BF}.Debug|Any CPU.Build.0 = Debug|Any CPU
		{49E97D4C-8D93-49C5-8E3E-752E643E86BF}.Release|Any CPU.ActiveCfg = Release|Any CPU
		{49E97D4C-8D93-49C5-8E3E-752E643E86BF}.Release|Any CPU.Build.0 = Release|Any CPU
		{903A48CE-5EB8-4D0F-8A5B-A8533459CA5B}.Debug|Any CPU.ActiveCfg = Debug|Any CPU
		{903A48CE-5EB8-4D0F-8A5B-A8533459CA5B}.Debug|Any CPU.Build.0 = Debug|Any CPU
		{903A48CE-5EB8-4D0F-8A5B-A8533459CA5B}.Release|Any CPU.ActiveCfg = Release|Any CPU
		{903A48CE-5EB8-4D0F-8A5B-A8533459CA5B}.Release|Any CPU.Build.0 = Release|Any CPU
		{42E160F2-5E2C-4C89-B67F-C6DA6C823D0E}.Debug|Any CPU.ActiveCfg = Debug|Any CPU
		{42E160F2-5E2C-4C89-B67F-C6DA6C823D0E}.Debug|Any CPU.Build.0 = Debug|Any CPU
		{42E160F2-5E2C-4C89-B67F-C6DA6C823D0E}.Release|Any CPU.ActiveCfg = Release|Any CPU
		{42E160F2-5E2C-4C89-B67F-C6DA6C823D0E}.Release|Any CPU.Build.0 = Release|Any CPU
		{34A502FA-B4CA-4D65-806C-0FFE755A60EE}.Debug|Any CPU.ActiveCfg = Debug|Any CPU
		{34A502FA-B4CA-4D65-806C-0FFE755A60EE}.Debug|Any CPU.Build.0 = Debug|Any CPU
		{34A502FA-B4CA-4D65-806C-0FFE755A60EE}.Release|Any CPU.ActiveCfg = Release|Any CPU
		{34A502FA-B4CA-4D65-806C-0FFE755A60EE}.Release|Any CPU.Build.0 = Release|Any CPU
		{07883419-AC03-4FC4-980B-0D247A7D4206}.Debug|Any CPU.ActiveCfg = Debug|Any CPU
		{07883419-AC03-4FC4-980B-0D247A7D4206}.Debug|Any CPU.Build.0 = Debug|Any CPU
		{07883419-AC03-4FC4-980B-0D247A7D4206}.Release|Any CPU.ActiveCfg = Release|Any CPU
		{07883419-AC03-4FC4-980B-0D247A7D4206}.Release|Any CPU.Build.0 = Release|Any CPU
	EndGlobalSection
	GlobalSection(SolutionProperties) = preSolution
		HideSolutionNode = FALSE
	EndGlobalSection
	GlobalSection(ExtensibilityGlobals) = postSolution
		SolutionGuid = {EF25B31D-C722-4EA2-B6FF-98AD3FE2F199}
	EndGlobalSection
EndGlobal
